
Microsoft Visual Studio Solution File, Format Version 12.00
# Visual Studio Version 16
VisualStudioVersion = 16.0.31112.23
MinimumVisualStudioVersion = 10.0.40219.1
Project("{FAE04EC0-301F-11D3-BF4B-00C04F79EFBC}") = "BankAPI", "BankAPI\BankAPI.csproj", "{81CAEECD-8C7C-414A-8CB1-FE4DD4E6F9AB}"
EndProject
Project("{FAE04EC0-301F-11D3-BF4B-00C04F79EFBC}") = "BusinessLayer", "BusinessLayer\BusinessLayer.csproj", "{20F45174-1D50-45C6-8285-1BE0E6D68F08}"
EndProject
Project("{FAE04EC0-301F-11D3-BF4B-00C04F79EFBC}") = "DataAccess", "DataAccess\DataAccess.csproj", "{C87DCD78-BBBF-408B-B60E-CB6371A8DE29}"
EndProject
Project("{FAE04EC0-301F-11D3-BF4B-00C04F79EFBC}") = "DTO", "DTO\DTO.csproj", "{5545969C-860A-487E-8018-5AFDBAFCC861}"
EndProject
Project("{FAE04EC0-301F-11D3-BF4B-00C04F79EFBC}") = "ViewModel", "ViewModel\ViewModel.csproj", "{863BF378-3372-4B1E-9D5F-9F0B76210A15}"
EndProject
Global
	GlobalSection(SolutionConfigurationPlatforms) = preSolution
		Debug|Any CPU = Debug|Any CPU
		Release|Any CPU = Release|Any CPU
	EndGlobalSection
	GlobalSection(ProjectConfigurationPlatforms) = postSolution
		{81CAEECD-8C7C-414A-8CB1-FE4DD4E6F9AB}.Debug|Any CPU.ActiveCfg = Debug|Any CPU
		{81CAEECD-8C7C-414A-8CB1-FE4DD4E6F9AB}.Debug|Any CPU.Build.0 = Debug|Any CPU
		{81CAEECD-8C7C-414A-8CB1-FE4DD4E6F9AB}.Release|Any CPU.ActiveCfg = Release|Any CPU
		{81CAEECD-8C7C-414A-8CB1-FE4DD4E6F9AB}.Release|Any CPU.Build.0 = Release|Any CPU
		{20F45174-1D50-45C6-8285-1BE0E6D68F08}.Debug|Any CPU.ActiveCfg = Debug|Any CPU
		{20F45174-1D50-45C6-8285-1BE0E6D68F08}.Debug|Any CPU.Build.0 = Debug|Any CPU
		{20F45174-1D50-45C6-8285-1BE0E6D68F08}.Release|Any CPU.ActiveCfg = Release|Any CPU
		{20F45174-1D50-45C6-8285-1BE0E6D68F08}.Release|Any CPU.Build.0 = Release|Any CPU
		{C87DCD78-BBBF-408B-B60E-CB6371A8DE29}.Debug|Any CPU.ActiveCfg = Debug|Any CPU
		{C87DCD78-BBBF-408B-B60E-CB6371A8DE29}.Debug|Any CPU.Build.0 = Debug|Any CPU
		{C87DCD78-BBBF-408B-B60E-CB6371A8DE29}.Release|Any CPU.ActiveCfg = Release|Any CPU
		{C87DCD78-BBBF-408B-B60E-CB6371A8DE29}.Release|Any CPU.Build.0 = Release|Any CPU
		{5545969C-860A-487E-8018-5AFDBAFCC861}.Debug|Any CPU.ActiveCfg = Debug|Any CPU
		{5545969C-860A-487E-8018-5AFDBAFCC861}.Debug|Any CPU.Build.0 = Debug|Any CPU
		{5545969C-860A-487E-8018-5AFDBAFCC861}.Release|Any CPU.ActiveCfg = Release|Any CPU
		{5545969C-860A-487E-8018-5AFDBAFCC861}.Release|Any CPU.Build.0 = Release|Any CPU
		{863BF378-3372-4B1E-9D5F-9F0B76210A15}.Debug|Any CPU.ActiveCfg = Debug|Any CPU
		{863BF378-3372-4B1E-9D5F-9F0B76210A15}.Debug|Any CPU.Build.0 = Debug|Any CPU
		{863BF378-3372-4B1E-9D5F-9F0B76210A15}.Release|Any CPU.ActiveCfg = Release|Any CPU
		{863BF378-3372-4B1E-9D5F-9F0B76210A15}.Release|Any CPU.Build.0 = Release|Any CPU
	EndGlobalSection
	GlobalSection(SolutionProperties) = preSolution
		HideSolutionNode = FALSE
	EndGlobalSection
	GlobalSection(ExtensibilityGlobals) = postSolution
		SolutionGuid = {BB571252-1DD9-4EA1-AB30-A94AEE033BB5}
	EndGlobalSection
EndGlobal
